
Microsoft Visual Studio Solution File, Format Version 12.00
# Visual Studio Version 17
VisualStudioVersion = 17.10.35013.160
MinimumVisualStudioVersion = 10.0.40219.1
Project("{9A19103F-16F7-4668-BE54-9A1E7A4F7556}") = "SendsProject", "SendsProject\SendsProject.csproj", "{D55633FA-7A66-46F8-9381-8E2E4CAF5BE9}"
EndProject
Project("{FAE04EC0-301F-11D3-BF4B-00C04F79EFBC}") = "SendsTests", "SendsTests\SendsTests.csproj", "{9862A224-024E-4A81-9C3B-63120AFB722D}"
EndProject
Global
	GlobalSection(SolutionConfigurationPlatforms) = preSolution
		Debug|Any CPU = Debug|Any CPU
		Release|Any CPU = Release|Any CPU
	EndGlobalSection
	GlobalSection(ProjectConfigurationPlatforms) = postSolution
		{D55633FA-7A66-46F8-9381-8E2E4CAF5BE9}.Debug|Any CPU.ActiveCfg = Debug|Any CPU
		{D55633FA-7A66-46F8-9381-8E2E4CAF5BE9}.Debug|Any CPU.Build.0 = Debug|Any CPU
		{D55633FA-7A66-46F8-9381-8E2E4CAF5BE9}.Release|Any CPU.ActiveCfg = Release|Any CPU
		{D55633FA-7A66-46F8-9381-8E2E4CAF5BE9}.Release|Any CPU.Build.0 = Release|Any CPU
		{9862A224-024E-4A81-9C3B-63120AFB722D}.Debug|Any CPU.ActiveCfg = Debug|Any CPU
		{9862A224-024E-4A81-9C3B-63120AFB722D}.Debug|Any CPU.Build.0 = Debug|Any CPU
		{9862A224-024E-4A81-9C3B-63120AFB722D}.Release|Any CPU.ActiveCfg = Release|Any CPU
		{9862A224-024E-4A81-9C3B-63120AFB722D}.Release|Any CPU.Build.0 = Release|Any CPU
	EndGlobalSection
	GlobalSection(SolutionProperties) = preSolution
		HideSolutionNode = FALSE
	EndGlobalSection
	GlobalSection(ExtensibilityGlobals) = postSolution
		SolutionGuid = {BC6176B8-476D-4D70-9C17-3D02B4A68F8B}
	EndGlobalSection
EndGlobal
